lockfileVersion: '6.0'

settings:
  autoInstallPeers: true
  excludeLinksFromLockfile: false

dependencies:
  '@lucia-auth/adapter-prisma':
    specifier: 4.0.0-beta.9
    version: 4.0.0-beta.9(@prisma/client@5.8.1)(lucia@3.0.0-beta.14)
  arctic:
    specifier: 0.10.5
    version: 0.10.5
  lucia:
    specifier: 3.0.0-beta.14
    version: 3.0.0-beta.14
  next:
    specifier: 14.0.4
    version: 14.0.4(react-dom@18.2.0)(react@18.2.0)
  oslo:
    specifier: 0.27.1
    version: 0.27.1
  react:
    specifier: 18.2.0
    version: 18.2.0
  react-dom:
    specifier: 18.2.0
    version: 18.2.0(react@18.2.0)
  zod:
    specifier: 3.22.4
    version: 3.22.4

devDependencies:
  '@types/node':
    specifier: 20.11.5
    version: 20.11.5
  '@types/react':
    specifier: 18.2.48
    version: 18.2.48
  '@types/react-dom':
    specifier: 18.2.18
    version: 18.2.18
  server-only:
    specifier: 0.0.1
    version: 0.0.1
  typescript:
    specifier: 5.3.3
    version: 5.3.3

packages:

  /@emnapi/core@0.45.0:
    resolution: {integrity: sha512-DPWjcUDQkCeEM4VnljEOEcXdAD7pp8zSZsgOujk/LGIwCXWbXJngin+MO4zbH429lzeC3WbYLGjE2MaUOwzpyw==}
    requiresBuild: true
    dependencies:
      tslib: 2.6.2
    dev: false
    optional: true

  /@emnapi/runtime@0.45.0:
    resolution: {integrity: sha512-Txumi3td7J4A/xTTwlssKieHKTGl3j4A1tglBx72auZ49YK7ePY6XZricgIg9mnZT4xPfA+UPCUdnhRuEFDL+w==}
    requiresBuild: true
    dependencies:
      tslib: 2.6.2
    dev: false
    optional: true

  /@lucia-auth/adapter-prisma@4.0.0-beta.9(@prisma/client@5.8.1)(lucia@3.0.0-beta.14):
    resolution: {integrity: sha512-Pht/eDOGdwyMuhp/pm6ttSixW74Rt6Sl3B2fZK3e7tWqMBPR4LbpmQ6sn6QJlBFHlsBecNTPdtFF9CBaAlR+Tg==}
    peerDependencies:
      '@prisma/client': ^4.2.0 || ^5.0.0
      lucia: 3.0.0-beta.14
    dependencies:
      '@prisma/client': 5.8.1
      lucia: 3.0.0-beta.14
    dev: false

  /@napi-rs/wasm-runtime@0.1.1:
    resolution: {integrity: sha512-ATj9ua659JgrkICjJscaeZdmPr44cb/KFjNWuD0N6pux0SpzaM7+iOuuK11mAnQM2N9q0DT4REu6NkL8ZEhopw==}
    requiresBuild: true
    dependencies:
      '@emnapi/core': 0.45.0
      '@emnapi/runtime': 0.45.0
      '@tybys/wasm-util': 0.8.1
    dev: false
    optional: true

  /@next/env@14.0.4:
    resolution: {integrity: sha512-irQnbMLbUNQpP1wcE5NstJtbuA/69kRfzBrpAD7Gsn8zm/CY6YQYc3HQBz8QPxwISG26tIm5afvvVbu508oBeQ==}
    dev: false

  /@next/swc-darwin-arm64@14.0.4:
    resolution: {integrity: sha512-mF05E/5uPthWzyYDyptcwHptucf/jj09i2SXBPwNzbgBNc+XnwzrL0U6BmPjQeOL+FiB+iG1gwBeq7mlDjSRPg==}
    engines: {node: '>= 10'}
    cpu: [arm64]
    os: [darwin]
    requiresBuild: true
    dev: false
    optional: true

  /@next/swc-darwin-x64@14.0.4:
    resolution: {integrity: sha512-IZQ3C7Bx0k2rYtrZZxKKiusMTM9WWcK5ajyhOZkYYTCc8xytmwSzR1skU7qLgVT/EY9xtXDG0WhY6fyujnI3rw==}
    engines: {node: '>= 10'}
    cpu: [x64]
    os: [darwin]
    requiresBuild: true
    dev: false
    optional: true

  /@next/swc-linux-arm64-gnu@14.0.4:
    resolution: {integrity: sha512-VwwZKrBQo/MGb1VOrxJ6LrKvbpo7UbROuyMRvQKTFKhNaXjUmKTu7wxVkIuCARAfiI8JpaWAnKR+D6tzpCcM4w==}
    engines: {node: '>= 10'}
    cpu: [arm64]
    os: [linux]
    requiresBuild: true
    dev: false
    optional: true

  /@next/swc-linux-arm64-musl@14.0.4:
    resolution: {integrity: sha512-8QftwPEW37XxXoAwsn+nXlodKWHfpMaSvt81W43Wh8dv0gkheD+30ezWMcFGHLI71KiWmHK5PSQbTQGUiidvLQ==}
    engines: {node: '>= 10'}
    cpu: [arm64]
    os: [linux]
    requiresBuild: true
    dev: false
    optional: true

  /@next/swc-linux-x64-gnu@14.0.4:
    resolution: {integrity: sha512-/s/Pme3VKfZAfISlYVq2hzFS8AcAIOTnoKupc/j4WlvF6GQ0VouS2Q2KEgPuO1eMBwakWPB1aYFIA4VNVh667A==}
    engines: {node: '>= 10'}
    cpu: [x64]
    os: [linux]
    requiresBuild: true
    dev: false
    optional: true

  /@next/swc-linux-x64-musl@14.0.4:
    resolution: {integrity: sha512-m8z/6Fyal4L9Bnlxde5g2Mfa1Z7dasMQyhEhskDATpqr+Y0mjOBZcXQ7G5U+vgL22cI4T7MfvgtrM2jdopqWaw==}
    engines: {node: '>= 10'}
    cpu: [x64]
    os: [linux]
    requiresBuild: true
    dev: false
    optional: true

  /@next/swc-win32-arm64-msvc@14.0.4:
    resolution: {integrity: sha512-7Wv4PRiWIAWbm5XrGz3D8HUkCVDMMz9igffZG4NB1p4u1KoItwx9qjATHz88kwCEal/HXmbShucaslXCQXUM5w==}
    engines: {node: '>= 10'}
    cpu: [arm64]
    os: [win32]
    requiresBuild: true
    dev: false
    optional: true

  /@next/swc-win32-ia32-msvc@14.0.4:
    resolution: {integrity: sha512-zLeNEAPULsl0phfGb4kdzF/cAVIfaC7hY+kt0/d+y9mzcZHsMS3hAS829WbJ31DkSlVKQeHEjZHIdhN+Pg7Gyg==}
    engines: {node: '>= 10'}
    cpu: [ia32]
    os: [win32]
    requiresBuild: true
    dev: false
    optional: true

  /@next/swc-win32-x64-msvc@14.0.4:
    resolution: {integrity: sha512-yEh2+R8qDlDCjxVpzOTEpBLQTEFAcP2A8fUFLaWNap9GitYKkKv1//y2S6XY6zsR4rCOPRpU7plYDR+az2n30A==}
    engines: {node: '>= 10'}
    cpu: [x64]
    os: [win32]
    requiresBuild: true
    dev: false
    optional: true

  /@node-rs/argon2-android-arm-eabi@1.7.2:
    resolution: {integrity: sha512-WhW84XOzdR4AOGc4BJvIg5lCRVBL0pXp/PPCe8QCyWw493p7VdNCdYpr2xdtjS/0zImmY85HNB/6zpzjLRTT/A==}
    engines: {node: '>= 10'}
    cpu: [arm]
    os: [android]
    requiresBuild: true
    dev: false
    optional: true

  /@node-rs/argon2-android-arm64@1.7.2:
    resolution: {integrity: sha512-CdtayHSMIyDuVhSYFirwA757c4foQuyTjpysgFJLHweP9C7uDiBf9WBYij+UyabpaCadJ0wPyK6Vakinvlk4/g==}
    engines: {node: '>= 10'}
    cpu: [arm64]
    os: [android]
    requiresBuild: true
    dev: false
    optional: true

  /@node-rs/argon2-darwin-arm64@1.7.2:
    resolution: {integrity: sha512-hUOhtgYHTEyzX5sgMZVdXunONOus2HWpWydF5D/RYJ1mZ76FXRnFpQE40DqbzisdPIraKdn40m7JqkPP7wqdyg==}
    engines: {node: '>= 10'}
    cpu: [arm64]
    os: [darwin]
    requiresBuild: true
    dev: false
    optional: true

  /@node-rs/argon2-darwin-x64@1.7.2:
    resolution: {integrity: sha512-lfs5HX+t542yUfcv6Aa/NeGD1nUCwyQNgnPEGcik71Ow6V13hkR1bHgmT1u3CHN4fBts0gW+DQEDsq1xlVgkvw==}
    engines: {node: '>= 10'}
    cpu: [x64]
    os: [darwin]
    requiresBuild: true
    dev: false
    optional: true

  /@node-rs/argon2-freebsd-x64@1.7.2:
    resolution: {integrity: sha512-ROoF+4VaCBJUjddrTN1hjuqSl89ppRcjVXJscSPJjWzTlbzFmGGovJvIzUBmCr/Oq3yM1zKHj6MP9oRD5cB+/g==}
    engines: {node: '>= 10'}
    cpu: [x64]
    os: [freebsd]
    requiresBuild: true
    dev: false
    optional: true

  /@node-rs/argon2-linux-arm-gnueabihf@1.7.2:
    resolution: {integrity: sha512-CBSB8KPI8LS74Bcz3dYaa2/khULutz4vSDvFWUERlSLX+mPdDhoZi6UPuUPPF9e01w8AbiK1YCqlLUTm3tIMfw==}
    engines: {node: '>= 10'}
    cpu: [arm]
    os: [linux]
    requiresBuild: true
    dev: false
    optional: true

  /@node-rs/argon2-linux-arm64-gnu@1.7.2:
    resolution: {integrity: sha512-6LBTug6ZiWFakP3X3Nqs7ZTM03gmcSWX4YvEn20HhhQE5NDrsrw3zNqGj0cJiNzKKIMSDDuj7uGy+ITEfNo4CA==}
    engines: {node: '>= 10'}
    cpu: [arm64]
    os: [linux]
    requiresBuild: true
    dev: false
    optional: true

  /@node-rs/argon2-linux-arm64-musl@1.7.2:
    resolution: {integrity: sha512-KjhQ+ZPne29t9VRVeIif7JdKwQba+tM6CBNYBoJB1iON0CUKeqSQtZcHuTj9gkf2SNRG5bsU4ABcfxd0OKsKHg==}
    engines: {node: '>= 10'}
    cpu: [arm64]
    os: [linux]
    requiresBuild: true
    dev: false
    optional: true

  /@node-rs/argon2-linux-x64-gnu@1.7.2:
    resolution: {integrity: sha512-BQvp+iLtKqomHz4q5t1aKoni9osgvUDU5sZtHAlFm5dRTlGHnympcQVATRE5GHyH9C6MIM9W7P1kqEeCLGPolQ==}
    engines: {node: '>= 10'}
    cpu: [x64]
    os: [linux]
    requiresBuild: true
    dev: false
    optional: true

  /@node-rs/argon2-linux-x64-musl@1.7.2:
    resolution: {integrity: sha512-yXJudpBZQ98g+lWaHn9EzZ5KsAyqRdlpub/K+5NP7gHehb8wzBRIFAejIHAG0fvzQEEc86VOnV2koWIVZxWAvw==}
    engines: {node: '>= 10'}
    cpu: [x64]
    os: [linux]
    requiresBuild: true
    dev: false
    optional: true

  /@node-rs/argon2-wasm32-wasi@1.7.2:
    resolution: {integrity: sha512-diXlVjJZY2GIV8ZDwUqXPhacXsFR0klGSv5D9f+XidwWXK4udtzDhkM/7N/Mb7h1HAWaxZ6IN9spYFjvWH1wqg==}
    engines: {node: '>=14.0.0'}
    cpu: [wasm32]
    requiresBuild: true
    dependencies:
      '@napi-rs/wasm-runtime': 0.1.1
    dev: false
    optional: true

  /@node-rs/argon2-win32-arm64-msvc@1.7.2:
    resolution: {integrity: sha512-dhIBrY04P9nbmwzBpgERQDmmSu4YBZyeEE32t4TikMz5rQ07iaVC+JpGmtCBZoDIsLDHGC8cikENd3YEqpqIcA==}
    engines: {node: '>= 10'}
    cpu: [arm64]
    os: [win32]
    requiresBuild: true
    dev: false
    optional: true

  /@node-rs/argon2-win32-ia32-msvc@1.7.2:
    resolution: {integrity: sha512-o1tfqr8gyALCzuxBoQfvhxkeYMaw/0H8Gmt7klTYyEIBvEFu7SD5qytXO9Px7t5420nZL/Wy5cflg3IB1s57Pg==}
    engines: {node: '>= 10'}
    cpu: [ia32]
    os: [win32]
    requiresBuild: true
    dev: false
    optional: true

  /@node-rs/argon2-win32-x64-msvc@1.7.2:
    resolution: {integrity: sha512-v0h53XUc7hNgWiWi0qcMcHvj9/kwuItI9NwLK4C+gtzT3UB0cedhfIL8HFMKThMXasy41ZdbpCF2Bi0kJoLNEg==}
    engines: {node: '>= 10'}
    cpu: [x64]
    os: [win32]
    requiresBuild: true
    dev: false
    optional: true

  /@node-rs/argon2@1.7.2:
    resolution: {integrity: sha512-+H6pc3M1vIX9YnG59YW7prHhhpv19P8YyxlXHnnFzTimf2q+kKDF7mGWbhvN9STqIY+P70Patn0Q6qb6Ib5/4g==}
    engines: {node: '>= 10'}
    optionalDependencies:
      '@node-rs/argon2-android-arm-eabi': 1.7.2
      '@node-rs/argon2-android-arm64': 1.7.2
      '@node-rs/argon2-darwin-arm64': 1.7.2
      '@node-rs/argon2-darwin-x64': 1.7.2
      '@node-rs/argon2-freebsd-x64': 1.7.2
      '@node-rs/argon2-linux-arm-gnueabihf': 1.7.2
      '@node-rs/argon2-linux-arm64-gnu': 1.7.2
      '@node-rs/argon2-linux-arm64-musl': 1.7.2
      '@node-rs/argon2-linux-x64-gnu': 1.7.2
      '@node-rs/argon2-linux-x64-musl': 1.7.2
      '@node-rs/argon2-wasm32-wasi': 1.7.2
      '@node-rs/argon2-win32-arm64-msvc': 1.7.2
      '@node-rs/argon2-win32-ia32-msvc': 1.7.2
      '@node-rs/argon2-win32-x64-msvc': 1.7.2
    dev: false

  /@node-rs/bcrypt-android-arm-eabi@1.9.2:
    resolution: {integrity: sha512-er/Q2khwpan9pczvTTqY/DJE4UU65u31xd0NkZlHUTKyB7djRhWfzoGexGx2GN+k831/RR3U8kKE/8QUHeO3hQ==}
    engines: {node: '>= 10'}
    cpu: [arm]
    os: [android]
    requiresBuild: true
    dev: false
    optional: true

  /@node-rs/bcrypt-android-arm64@1.9.2:
    resolution: {integrity: sha512-OUYatOEG5vbLbF73q2TC8UqrDO81zUQxnaFD/OAB1hcm6J+ur0zJ8E53c35/DIqkTp7JarPMraC4rouJ2ugN4w==}
    engines: {node: '>= 10'}
    cpu: [arm64]
    os: [android]
    requiresBuild: true
    dev: false
    optional: true

  /@node-rs/bcrypt-darwin-arm64@1.9.2:
    resolution: {integrity: sha512-svJKsGbzMAxOB5oluOYneN4YkKUy26WSMgm3KOIhgoX30IeMilj+2jFN/5qrI0oDZ0Iczb3XyL5DuZFtEkdP8A==}
    engines: {node: '>= 10'}
    cpu: [arm64]
    os: [darwin]
    requiresBuild: true
    dev: false
    optional: true

  /@node-rs/bcrypt-darwin-x64@1.9.2:
    resolution: {integrity: sha512-9OrySjBi/rWix8NZWD/TrNbNcwMY0pAiMHdL09aJnJ07uPih83GGh1pq4UHCYFCMy7iTX8swOmDlGBUImkOZbg==}
    engines: {node: '>= 10'}
    cpu: [x64]
    os: [darwin]
    requiresBuild: true
    dev: false
    optional: true

  /@node-rs/bcrypt-freebsd-x64@1.9.2:
    resolution: {integrity: sha512-/djXV71RO6g5L1mI2pVvmp3x3pH7G4uKI3ODG1JBIXoz334oOcCMh40sB0uq0ljP8WEadker01p4T1rJE98fpg==}
    engines: {node: '>= 10'}
    cpu: [x64]
    os: [freebsd]
    requiresBuild: true
    dev: false
    optional: true

  /@node-rs/bcrypt-linux-arm-gnueabihf@1.9.2:
    resolution: {integrity: sha512-F7wP950OTAooxEleUN4I2hqryGZK7hi1cSgRF13Wvbc597RFux35KiSxIXUA3mNt2DE7lV2PeceEtCOScaThWQ==}
    engines: {node: '>= 10'}
    cpu: [arm]
    os: [linux]
    requiresBuild: true
    dev: false
    optional: true

  /@node-rs/bcrypt-linux-arm64-gnu@1.9.2:
    resolution: {integrity: sha512-MehG+yQ0TgKMgKR1rO4hdvHkVsTM91Cof8qI9EJlS5+7+QSwfFA5O0zGwCkISD7bsyauJ5uJgcByGjpEobAHOg==}
    engines: {node: '>= 10'}
    cpu: [arm64]
    os: [linux]
    requiresBuild: true
    dev: false
    optional: true

  /@node-rs/bcrypt-linux-arm64-musl@1.9.2:
    resolution: {integrity: sha512-PRZTAJjOwKEGsIhmBvfNh81So+wGl4QyCFAt23j+KwBujLStjC0N3YaqtTlWVKG9tcriPtmMYiAQtXWIyIgg/w==}
    engines: {node: '>= 10'}
    cpu: [arm64]
    os: [linux]
    requiresBuild: true
    dev: false
    optional: true

  /@node-rs/bcrypt-linux-x64-gnu@1.9.2:
    resolution: {integrity: sha512-5WfGO+O1m7nJ55WZ8XDq+ItA98Z4O7sNWsR+1nIj9YGT+Tx5zkQ2RBhpK6oCWZMluuZ0eKQ0FDmyP6K+2NDRIA==}
    engines: {node: '>= 10'}
    cpu: [x64]
    os: [linux]
    requiresBuild: true
    dev: false
    optional: true

  /@node-rs/bcrypt-linux-x64-musl@1.9.2:
    resolution: {integrity: sha512-VjCn0388p6PMCVUYHgYmHZrKNc7WwNJRr2WLJsHbQRGDOKbpNL6YolCjQxUchcSPDhzwrq1cIdy4j0fpoXEsdw==}
    engines: {node: '>= 10'}
    cpu: [x64]
    os: [linux]
    requiresBuild: true
    dev: false
    optional: true

  /@node-rs/bcrypt-wasm32-wasi@1.9.2:
    resolution: {integrity: sha512-P06aHfMzm9makwU+nM7WA65yQnS1xuqJ8l/6I/LvXjnl+lfB3DtJ2B0CSLtjnUGpUgcHbWl5gEbNnTPxSAirjQ==}
    engines: {node: '>=14.0.0'}
    cpu: [wasm32]
    requiresBuild: true
    dependencies:
      '@napi-rs/wasm-runtime': 0.1.1
    dev: false
    optional: true

  /@node-rs/bcrypt-win32-arm64-msvc@1.9.2:
    resolution: {integrity: sha512-Iyo/Q5/eNw27VRd3mLBgh1b9b5fnT3QHTVwxv3Siv/MRAIfJXH/cTOe18qSwYQzNh0ZioW4yemFPYCWSZi7szA==}
    engines: {node: '>= 10'}
    cpu: [arm64]
    os: [win32]
    requiresBuild: true
    dev: false
    optional: true

  /@node-rs/bcrypt-win32-ia32-msvc@1.9.2:
    resolution: {integrity: sha512-6LHWMaPylyyHoS5863YpxAACVB8DWCxro5W6pQ4h8WKSgHpJp8Um9jphTdN0A2w45HZjUnfcFuiFFC+TbftjCw==}
    engines: {node: '>= 10'}
    cpu: [ia32]
    os: [win32]
    requiresBuild: true
    dev: false
    optional: true

  /@node-rs/bcrypt-win32-x64-msvc@1.9.2:
    resolution: {integrity: sha512-vZ9T1MOaYkLO9FTyl28YX0SYJneiYTKNFgM8PUv8nas8xrD+7OzokA0fEtlNp6413T7IKSD/iG9qi8nTWsiyGg==}
    engines: {node: '>= 10'}
    cpu: [x64]
    os: [win32]
    requiresBuild: true
    dev: false
    optional: true

  /@node-rs/bcrypt@1.9.2:
    resolution: {integrity: sha512-FKUo9iCSIti+ldwoOlY1ztyIFhZxEgT7jZ/UCt/9bg1rLmNdbQQD2JKIMImDCqmTWuLPY4ZF4Q5MyOMIfDCd8Q==}
    engines: {node: '>= 10'}
    optionalDependencies:
      '@node-rs/bcrypt-android-arm-eabi': 1.9.2
      '@node-rs/bcrypt-android-arm64': 1.9.2
      '@node-rs/bcrypt-darwin-arm64': 1.9.2
      '@node-rs/bcrypt-darwin-x64': 1.9.2
      '@node-rs/bcrypt-freebsd-x64': 1.9.2
      '@node-rs/bcrypt-linux-arm-gnueabihf': 1.9.2
      '@node-rs/bcrypt-linux-arm64-gnu': 1.9.2
      '@node-rs/bcrypt-linux-arm64-musl': 1.9.2
      '@node-rs/bcrypt-linux-x64-gnu': 1.9.2
      '@node-rs/bcrypt-linux-x64-musl': 1.9.2
      '@node-rs/bcrypt-wasm32-wasi': 1.9.2
      '@node-rs/bcrypt-win32-arm64-msvc': 1.9.2
      '@node-rs/bcrypt-win32-ia32-msvc': 1.9.2
      '@node-rs/bcrypt-win32-x64-msvc': 1.9.2
    dev: false

  /@prisma/client@5.8.1:
    resolution: {integrity: sha512-xQtMPfbIwLlbm0VVIVQY2yqQVOxPwRQhvIp7Z3m2900g1bu/zRHKhYZJQWELqmjl6d8YwBy0K2NvMqh47v1ubw==}
    engines: {node: '>=16.13'}
    requiresBuild: true
    peerDependencies:
      prisma: '*'
    peerDependenciesMeta:
      prisma:
        optional: true
    dev: false

  /@swc/helpers@0.5.2:
    resolution: {integrity: sha512-E4KcWTpoLHqwPHLxidpOqQbcrZVgi0rsmmZXUle1jXmJfuIf/UWpczUJ7MZZ5tlxytgJXyp0w4PGkkeLiuIdZw==}
    dependencies:
      tslib: 2.6.2
    dev: false

  /@tybys/wasm-util@0.8.1:
    resolution: {integrity: sha512-GSsTwyBl4pIzsxAY5wroZdyQKyhXk0d8PCRZtrSZ2WEB1cBdrp2EgGBwHOGCZtIIPun/DL3+AykCv+J6fyRH4Q==}
    requiresBuild: true
    dependencies:
      tslib: 2.6.2
    dev: false
    optional: true

  /@types/node@20.11.5:
    resolution: {integrity: sha512-g557vgQjUUfN76MZAN/dt1z3dzcUsimuysco0KeluHgrPdJXkP/XdAURgyO2W9fZWHRtRBiVKzKn8vyOAwlG+w==}
    dependencies:
      undici-types: 5.26.5
    dev: true

  /@types/prop-types@15.7.11:
    resolution: {integrity: sha512-ga8y9v9uyeiLdpKddhxYQkxNDrfvuPrlFb0N1qnZZByvcElJaXthF1UhvCh9TLWJBEHeNtdnbysW7Y6Uq8CVng==}
    dev: true

  /@types/react-dom@18.2.18:
    resolution: {integrity: sha512-TJxDm6OfAX2KJWJdMEVTwWke5Sc/E/RlnPGvGfS0W7+6ocy2xhDVQVh/KvC2Uf7kACs+gDytdusDSdWfWkaNzw==}
    dependencies:
      '@types/react': 18.2.48
    dev: true

  /@types/react@18.2.48:
    resolution: {integrity: sha512-qboRCl6Ie70DQQG9hhNREz81jqC1cs9EVNcjQ1AU+jH6NFfSAhVVbrrY/+nSF+Bsk4AOwm9Qa61InvMCyV+H3w==}
    dependencies:
      '@types/prop-types': 15.7.11
      '@types/scheduler': 0.16.8
      csstype: 3.1.3
    dev: true

  /@types/scheduler@0.16.8:
    resolution: {integrity: sha512-WZLiwShhwLRmeV6zH+GkbOFT6Z6VklCItrDioxUnv+u4Ll+8vKeFySoFyK/0ctcRpOmwAicELfmys1sDc/Rw+A==}
    dev: true

  /arctic@0.10.5:
    resolution: {integrity: sha512-RcT3OlqQxklgZeBJzreNzs13ATRHaAK4ns58axBsA8akrsvTlIlLZy4x7Jw34G8cxD9gr8JaQrtoHogqSOep0w==}
    dependencies:
      oslo: 0.27.1
    dev: false

  /busboy@1.6.0:
    resolution: {integrity: sha512-8SFQbg/0hQ9xy3UNTB0YEnsNBbWfhf7RtnzpL7TkBiTBRfrQ9Fxcnz7VJsleJpyp6rVLvXiuORqjlHi5q+PYuA==}
    engines: {node: '>=10.16.0'}
    dependencies:
      streamsearch: 1.1.0
    dev: false

  /caniuse-lite@1.0.30001578:
    resolution: {integrity: sha512-J/jkFgsQ3NEl4w2lCoM9ZPxrD+FoBNJ7uJUpGVjIg/j0OwJosWM36EPDv+Yyi0V4twBk9pPmlFS+PLykgEvUmg==}
    dev: false

  /client-only@0.0.1:
    resolution: {integrity: sha512-IV3Ou0jSMzZrd3pZ48nLkT9DA7Ag1pnPzaiQhpW7c3RbcqqzvzzVu+L8gfqMp/8IM2MQtSiqaCxrrcfu8I8rMA==}
    dev: false

  /csstype@3.1.3:
    resolution: {integrity: sha512-M1uQkMl8rQK/szD0LNhtqxIPLpimGm8sOBwU7lLnCpSbTyY3yeU1Vc7l4KT5zT4s/yOxHH5O7tIuuLOCnLADRw==}
    dev: true

  /glob-to-regexp@0.4.1:
    resolution: {integrity: sha512-lkX1HJXwyMcprw/5YUZc2s7DrpAiHB21/V+E1rHUrVNokkvB6bqMzT0VfV6/86ZNabt1k14YOIaT7nDvOX3Iiw==}
    dev: false

  /graceful-fs@4.2.11:
    resolution: {integrity: sha512-RbJ5/jmFcNNCcDV5o9eTnBLJ/HszWV0P73bc+Ff4nS/rJj+YaS6IGyiOL0VoBYX+l1Wrl3k63h/KrH+nhJ0XvQ==}
    dev: false

  /js-tokens@4.0.0:
    resolution: {integrity: sha512-RdJUflcE3cUzKiMqQgsCu06FPu9UdIJO0beYbPhHN4k6apgJtifcoCtT9bcxOpYBtpD2kCM6Sbzg4CausW/PKQ==}
    dev: false

  /loose-envify@1.4.0:
    resolution: {integrity: sha512-lyuxPGr/Wfhrlem2CL/UcnUc1zcqKAImBDzukY7Y5F/yQiNdko6+fRLevlw1HgMySw7f611UIY408EtxRSoK3Q==}
    hasBin: true
    dependencies:
      js-tokens: 4.0.0
    dev: false

  /lucia@3.0.0-beta.14:
    resolution: {integrity: sha512-MXJILHb4xyvf3qjO7w7mDnvVOub2LGWLSjgP1TBGPLDkBF62uXNfvPNH7QRvOwvuSLtQK+w7JoPjnjiFiIj9rg==}
    dependencies:
      oslo: 0.27.1
    dev: false

  /nanoid@3.3.7:
    resolution: {integrity: sha512-eSRppjcPIatRIMC1U6UngP8XFcz8MQWGQdt1MTBQ7NaAmvXDfvNxbvWV3x2y6CdEUciCSsDHDQZbhYaB8QEo2g==}
    engines: {node: ^10 || ^12 || ^13.7 || ^14 || >=15.0.1}
    hasBin: true
    dev: false

  /next@14.0.4(react-dom@18.2.0)(react@18.2.0):
    resolution: {integrity: sha512-qbwypnM7327SadwFtxXnQdGiKpkuhaRLE2uq62/nRul9cj9KhQ5LhHmlziTNqUidZotw/Q1I9OjirBROdUJNgA==}
    engines: {node: '>=18.17.0'}
    hasBin: true
    peerDependencies:
      '@opentelemetry/api': ^1.1.0
      react: ^18.2.0
      react-dom: ^18.2.0
      sass: ^1.3.0
    peerDependenciesMeta:
      '@opentelemetry/api':
        optional: true
      sass:
        optional: true
    dependencies:
      '@next/env': 14.0.4
      '@swc/helpers': 0.5.2
      busboy: 1.6.0
      caniuse-lite: 1.0.30001578
      graceful-fs: 4.2.11
      postcss: 8.4.31
      react: 18.2.0
      react-dom: 18.2.0(react@18.2.0)
      styled-jsx: 5.1.1(react@18.2.0)
      watchpack: 2.4.0
    optionalDependencies:
      '@next/swc-darwin-arm64': 14.0.4
      '@next/swc-darwin-x64': 14.0.4
      '@next/swc-linux-arm64-gnu': 14.0.4
      '@next/swc-linux-arm64-musl': 14.0.4
      '@next/swc-linux-x64-gnu': 14.0.4
      '@next/swc-linux-x64-musl': 14.0.4
      '@next/swc-win32-arm64-msvc': 14.0.4
      '@next/swc-win32-ia32-msvc': 14.0.4
      '@next/swc-win32-x64-msvc': 14.0.4
    transitivePeerDependencies:
      - '@babel/core'
      - babel-plugin-macros
    dev: false

  /oslo@0.27.1:
    resolution: {integrity: sha512-AYU0LpwZ50wIMD3dr4NX0tQzjwxaejSSV9reiY9jbQfgODt49al3f3tMcijyddyvPknUPArz845vpswWyJTWvA==}
    dependencies:
      '@node-rs/argon2': 1.7.2
      '@node-rs/bcrypt': 1.9.2
    dev: false

  /picocolors@1.0.0:
    resolution: {integrity: sha512-1fygroTLlHu66zi26VoTDv8yRgm0Fccecssto+MhsZ0D/DGW2sm8E8AjW7NU5VVTRt5GxbeZ5qBuJr+HyLYkjQ==}
    dev: false

  /postcss@8.4.31:
    resolution: {integrity: sha512-PS08Iboia9mts/2ygV3eLpY5ghnUcfLV/EXTOW1E2qYxJKGGBUtNjN76FYHnMs36RmARn41bC0AZmn+rR0OVpQ==}
    engines: {node: ^10 || ^12 || >=14}
    dependencies:
      nanoid: 3.3.7
      picocolors: 1.0.0
      source-map-js: 1.0.2
    dev: false

  /react-dom@18.2.0(react@18.2.0):
    resolution: {integrity: sha512-6IMTriUmvsjHUjNtEDudZfuDQUoWXVxKHhlEGSk81n4YFS+r/Kl99wXiwlVXtPBtJenozv2P+hxDsw9eA7Xo6g==}
    peerDependencies:
      react: ^18.2.0
    dependencies:
      loose-envify: 1.4.0
      react: 18.2.0
      scheduler: 0.23.0
    dev: false

  /react@18.2.0:
    resolution: {integrity: sha512-/3IjMdb2L9QbBdWiW5e3P2/npwMBaU9mHCSCUzNln0ZCYbcfTsGbTJrU/kGemdH2IWmB2ioZ+zkxtmq6g09fGQ==}
    engines: {node: '>=0.10.0'}
    dependencies:
      loose-envify: 1.4.0
    dev: false

  /scheduler@0.23.0:
    resolution: {integrity: sha512-CtuThmgHNg7zIZWAXi3AsyIzA3n4xx7aNyjwC2VJldO2LMVDhFK+63xGqq6CsJH4rTAt6/M+N4GhZiDYPx9eUw==}
    dependencies:
      loose-envify: 1.4.0
    dev: false

  /server-only@0.0.1:
    resolution: {integrity: sha512-qepMx2JxAa5jjfzxG79yPPq+8BuFToHd1hm7kI+Z4zAq1ftQiP7HcxMhDDItrbtwVeLg/cY2JnKnrcFkmiswNA==}
    dev: true

  /source-map-js@1.0.2:
    resolution: {integrity: sha512-R0XvVJ9WusLiqTCEiGCmICCMplcCkIwwR11mOSD9CR5u+IXYdiseeEuXCVAjS54zqwkLcPNnmU4OeJ6tUrWhDw==}
    engines: {node: '>=0.10.0'}
    dev: false

  /streamsearch@1.1.0:
    resolution: {integrity: sha512-Mcc5wHehp9aXz1ax6bZUyY5afg9u2rv5cqQI3mRrYkGC8rW2hM02jWuwjtL++LS5qinSyhj2QfLyNsuc+VsExg==}
    engines: {node: '>=10.0.0'}
    dev: false

  /styled-jsx@5.1.1(react@18.2.0):
    resolution: {integrity: sha512-pW7uC1l4mBZ8ugbiZrcIsiIvVx1UmTfw7UkC3Um2tmfUq9Bhk8IiyEIPl6F8agHgjzku6j0xQEZbfA5uSgSaCw==}
    engines: {node: '>= 12.0.0'}
    peerDependencies:
      '@babel/core': '*'
      babel-plugin-macros: '*'
      react: '>= 16.8.0 || 17.x.x || ^18.0.0-0'
    peerDependenciesMeta:
      '@babel/core':
        optional: true
      babel-plugin-macros:
        optional: true
    dependencies:
      client-only: 0.0.1
      react: 18.2.0
    dev: false

  /tslib@2.6.2:
    resolution: {integrity: sha512-AEYxH93jGFPn/a2iVAwW87VuUIkR1FVUKB77NwMF7nBTDkDrrT/Hpt/IrCJ0QXhW27jTBDcf5ZY7w6RiqTMw2Q==}
    dev: false

  /typescript@5.3.3:
    resolution: {integrity: sha512-pXWcraxM0uxAS+tN0AG/BF2TyqmHO014Z070UsJ+pFvYuRSq8KH8DmWpnbXe0pEPDHXZV3FcAbJkijJ5oNEnWw==}
    engines: {node: '>=14.17'}
    hasBin: true
    dev: true

  /undici-types@5.26.5:
    resolution: {integrity: sha512-JlCMO+ehdEIKqlFxk6IfVoAUVmgz7cU7zD/h9XZ0qzeosSHmUJVOzSQvvYSYWXkFXC+IfLKSIffhv0sVZup6pA==}
    dev: true

  /watchpack@2.4.0:
    resolution: {integrity: sha512-Lcvm7MGST/4fup+ifyKi2hjyIAwcdI4HRgtvTpIUxBRhB+RFtUh8XtDOxUfctVCnhVi+QQj49i91OyvzkJl6cg==}
    engines: {node: '>=10.13.0'}
    dependencies:
      glob-to-regexp: 0.4.1
      graceful-fs: 4.2.11
    dev: false

  /zod@3.22.4:
    resolution: {integrity: sha512-iC+8Io04lddc+mVqQ9AZ7OQ2MrUKGN+oIQyq1vemgt46jwCwLfhq7/pwnBnNXXXZb8VTVLKwp9EDkx+ryxIWmg==}
    dev: false
